
Microsoft Visual Studio Solution File, Format Version 12.00
# Visual Studio Version 17
VisualStudioVersion = 17.12.35521.163 d17.12
MinimumVisualStudioVersion = 10.0.40219.1
Project("{FAE04EC0-301F-11D3-BF4B-00C04F79EFBC}") = "Parcial_Final", "Parcial_Final.csproj", "{FC477EEE-76BA-4B29-B1BA-A07AC5CED7EE}"
EndProject
Global
	GlobalSection(SolutionConfigurationPlatforms) = preSolution
		Debug|Any CPU = Debug|Any CPU
		Release|Any CPU = Release|Any CPU
	EndGlobalSection
	GlobalSection(ProjectConfigurationPlatforms) = postSolution
		{FC477EEE-76BA-4B29-B1BA-A07AC5CED7EE}.Debug|Any CPU.ActiveCfg = Debug|Any CPU
		{FC477EEE-76BA-4B29-B1BA-A07AC5CED7EE}.Debug|Any CPU.Build.0 = Debug|Any CPU
		{FC477EEE-76BA-4B29-B1BA-A07AC5CED7EE}.Release|Any CPU.ActiveCfg = Release|Any CPU
		{FC477EEE-76BA-4B29-B1BA-A07AC5CED7EE}.Release|Any CPU.Build.0 = Release|Any CPU
	EndGlobalSection
	GlobalSection(SolutionProperties) = preSolution
		HideSolutionNode = FALSE
	EndGlobalSection
EndGlobal
